
Microsoft Visual Studio Solution File, Format Version 12.00
# Visual Studio 2013
VisualStudioVersion = 12.0.40629.0
MinimumVisualStudioVersion = 10.0.40219.1
Project("{2150E333-8FDC-42A3-9474-1A3956D46DE8}") = "Application", "Application", "{A1D9E57B-6076-4D7E-B799-282F2A4A640F}"
EndProject
Project("{2150E333-8FDC-42A3-9474-1A3956D46DE8}") = "Libraries", "Libraries", "{9F6AB254-2023-4A59-BAB4-E76ED466322D}"
	ProjectSection(SolutionItems) = preProject
		Applications\RISARC.Web.EBubble\bin\Elmah.dll = Applications\RISARC.Web.EBubble\bin\Elmah.dll
	EndProjectSection
EndProject
Project("{2150E333-8FDC-42A3-9474-1A3956D46DE8}") = "Testing", "Testing", "{63B54C40-2A1D-4BA0-804B-D6EF6E566E30}"
EndProject
Project("{2150E333-8FDC-42A3-9474-1A3956D46DE8}") = "Database", "Database", "{24C6E4E0-BA15-43D5-AA0D-8B72BC2A8A38}"
EndProject
Project("{2150E333-8FDC-42A3-9474-1A3956D46DE8}") = "RISARC-DEV", "RISARC-DEV", "{AFB057D9-0D76-45B8-A1CD-325880A72E58}"
	ProjectSection(SolutionItems) = preProject
		..\..\..\..\TEST_PROJECTS\Cybage_Deployment\RISARC-DEV_RMSEBUBBLE2_TEST.scmp = ..\..\..\..\TEST_PROJECTS\Cybage_Deployment\RISARC-DEV_RMSEBUBBLE2_TEST.scmp
		..\..\..\..\TEST_PROJECTS\Cybage_Deployment\RISARC-DEV_RMSEBUBBLE_LOGGING.scmp = ..\..\..\..\TEST_PROJECTS\Cybage_Deployment\RISARC-DEV_RMSEBUBBLE_LOGGING.scmp
		..\..\..\..\TEST_PROJECTS\Cybage_Deployment\RISARC-DEV_RMSEBULLBE_MEMBERSHIP_TEST.scmp = ..\..\..\..\TEST_PROJECTS\Cybage_Deployment\RISARC-DEV_RMSEBULLBE_MEMBERSHIP_TEST.scmp
	EndProjectSection
EndProject
Project("{FAE04EC0-301F-11D3-BF4B-00C04F79EFBC}") = "RISARC.Membership", "Libraries\RISARC.Membership\RISARC.Membership.csproj", "{47688184-FCE5-4E8E-8667-63441B0115A3}"
EndProject
Project("{FAE04EC0-301F-11D3-BF4B-00C04F79EFBC}") = "RISARC.Membership.Implementation", "Libraries\RISARC.Membership.Implementation\RISARC.Membership.Implementation.csproj", "{DC5C2FEF-CD3C-4ADE-9E9E-FBE622681877}"
EndProject
Project("{FAE04EC0-301F-11D3-BF4B-00C04F79EFBC}") = "RISARC.Membership.Testing", "Libraries\RISARC.Membership.Testing\RISARC.Membership.Testing.csproj", "{6F12648B-7349-4E12-84A4-14333BDB2110}"
EndProject
Project("{FAE04EC0-301F-11D3-BF4B-00C04F79EFBC}") = "SpiegelDg.Common.Web", "Libraries\SpiegelDg.Common.Web\SpiegelDg.Common.Web.csproj", "{8D7CBD86-AE05-4635-8C3B-A7400A15AC97}"
EndProject
Project("{FAE04EC0-301F-11D3-BF4B-00C04F79EFBC}") = "RISARC.Documents", "Libraries\RISARC.Documents\RISARC.Documents.csproj", "{CF4DAC27-EBDE-4B6D-ABD3-CEFF2CD659E4}"
EndProject
Project("{FAE04EC0-301F-11D3-BF4B-00C04F79EFBC}") = "RISARC.Documents.Implementation", "Libraries\RISARC.Documents.Implementation\RISARC.Documents.Implementation.csproj", "{9DA56D12-039F-42A1-84BE-39F2CF8DE6F7}"
EndProject
Project("{FAE04EC0-301F-11D3-BF4B-00C04F79EFBC}") = "RISARC.Setup", "Libraries\RISARC.Setup\RISARC.Setup.csproj", "{FCCA4FA4-6586-4403-BC10-06E26A5DB492}"
EndProject
Project("{FAE04EC0-301F-11D3-BF4B-00C04F79EFBC}") = "RISARC.Setup.Implementation", "Libraries\RISARC.Setup.Implementation\RISARC.Setup.Implementation.csproj", "{9987571F-2572-4E1E-80B4-5A4706074FB5}"
EndProject
Project("{FAE04EC0-301F-11D3-BF4B-00C04F79EFBC}") = "RISARC.Configuration", "Libraries\RISARC.Configuration\RISARC.Configuration.csproj", "{CCA3FF47-1FB2-4060-92BD-83A61D080445}"
EndProject
Project("{FAE04EC0-301F-11D3-BF4B-00C04F79EFBC}") = "RISARC.Encryption", "Libraries\RISARC.Encryption\RISARC.Encryption.csproj", "{7D4D9692-DFA3-431C-B736-E9488B026703}"
EndProject
Project("{FAE04EC0-301F-11D3-BF4B-00C04F79EFBC}") = "RISARC.Payment", "Libraries\RISARC.Payment\RISARC.Payment.csproj", "{BB17C6D8-6A02-4FC2-BFE8-C7B518E58BCD}"
EndProject
Project("{FAE04EC0-301F-11D3-BF4B-00C04F79EFBC}") = "RISARC.Email", "Libraries\RISARC.Email\RISARC.Email.csproj", "{DBFE2955-5AA9-4649-BD59-6BADA424130D}"
EndProject
Project("{FAE04EC0-301F-11D3-BF4B-00C04F79EFBC}") = "RISARC.Email.Implementation", "Libraries\RISARC.Email.Implementation\RISARC.Email.Implementation.csproj", "{329D884A-4342-41B8-9695-4727E4DA83C4}"
EndProject
Project("{FAE04EC0-301F-11D3-BF4B-00C04F79EFBC}") = "RISARC.Common", "Libraries\RISARC.Common\RISARC.Common.csproj", "{06DB8A7E-89CF-42ED-AF15-7F0892300525}"
EndProject
Project("{FAE04EC0-301F-11D3-BF4B-00C04F79EFBC}") = "SpiegelDg.Security.Logging", "Libraries\SpiegelDg.Security.Logging\SpiegelDg.Security.Logging.csproj", "{DC1B3899-3659-4595-BEB9-BF4D7CC4DCA7}"
EndProject
Project("{FAE04EC0-301F-11D3-BF4B-00C04F79EFBC}") = "RISARC.Logging", "Libraries\RISARC.Logging\RISARC.Logging.csproj", "{87D759FF-D502-4307-BA02-BE34BE6D3506}"
EndProject
Project("{FAE04EC0-301F-11D3-BF4B-00C04F79EFBC}") = "RISARC.Payment.Implementation", "Libraries\RISARC.Payment.Implementation\RISARC.Payment.Implementation.csproj", "{D06C9512-F908-4743-9DCB-D06B0B2FA72D}"
EndProject
Project("{FAE04EC0-301F-11D3-BF4B-00C04F79EFBC}") = "RISARC.Libraries.Testing", "Libraries\RISARC.Libraries.Testing\RISARC.Libraries.Testing.csproj", "{9AB7C5F1-A317-443F-8F50-49E992DEF07D}"
EndProject
Project("{FAE04EC0-301F-11D3-BF4B-00C04F79EFBC}") = "RISARC.Files", "Libraries\RISARC.Files\RISARC.Files.csproj", "{8548C334-236A-4694-AF17-D06D2EEB2862}"
EndProject
Project("{FAE04EC0-301F-11D3-BF4B-00C04F79EFBC}") = "RISARC.Emr.Web", "Libraries\RISARC.Emr.Web\RISARC.Emr.Web.csproj", "{70D1BE57-4477-4AB4-866F-3B2CAB452167}"
EndProject
Project("{FAE04EC0-301F-11D3-BF4B-00C04F79EFBC}") = "RISARC.Web.EBubble", "Applications\RISARC.Web.EBubble\RISARC.Web.EBubble.csproj", "{6D0E94A5-4A8E-4482-9E0B-2F8A4BC38A15}"
EndProject
Project("{FAE04EC0-301F-11D3-BF4B-00C04F79EFBC}") = "SpiegelDg.ApiProxies", "Libraries\SpiegelDg.ApiProxies\SpiegelDg.ApiProxies.csproj", "{9F70818E-1C08-45E8-AA8E-2C590AD6235E}"
EndProject
Project("{FAE04EC0-301F-11D3-BF4B-00C04F79EFBC}") = "SpiegelDg.Common", "Libraries\SpiegelDg.Common\SpiegelDg.Common.csproj", "{61EDE41A-86D7-4938-A7FF-95FC74B2AA7A}"
EndProject
Project("{FAE04EC0-301F-11D3-BF4B-00C04F79EFBC}") = "SpiegelDg.Email", "Libraries\SpiegelDg.Email\SpiegelDg.Email.csproj", "{EF90431F-FF4B-415C-B162-E1CB194EEB5C}"
EndProject
Project("{FAE04EC0-301F-11D3-BF4B-00C04F79EFBC}") = "SpiegelDg.Encryption", "Libraries\SpiegelDg.Encryption\SpiegelDg.Encryption.csproj", "{DD8170A4-D1D1-4FE6-AA24-CF6ED052FB8C}"
EndProject
Project("{FAE04EC0-301F-11D3-BF4B-00C04F79EFBC}") = "SpiegelDg.Security", "Libraries\SpiegelDg.Security\SpiegelDg.Security.csproj", "{C6A1DBFC-1BB6-4802-B1CA-B051612E5353}"
EndProject
Project("{FAE04EC0-301F-11D3-BF4B-00C04F79EFBC}") = "SpiegelDg.Testing.Common", "Libraries\SpiegelDg.Testing.Common\SpiegelDg.Testing.Common.csproj", "{156B6101-DDEE-4086-B409-666A35493C70}"
EndProject
Project("{FAE04EC0-301F-11D3-BF4B-00C04F79EFBC}") = "itextsharp", "Libraries\itextsharp-5.0.0\itextsharp.csproj", "{84C4FDD9-3ED7-453B-B9DA-B3ED52CB071C}"
EndProject
Project("{FAE04EC0-301F-11D3-BF4B-00C04F79EFBC}") = "RISARC.eTAR", "Libraries\RISARC.eTAR\RISARC.eTAR.csproj", "{4F78C738-ED8C-4FC4-8925-8F386A719A82}"
EndProject
Project("{FAE04EC0-301F-11D3-BF4B-00C04F79EFBC}") = "RISARC.eTAR.Implementation", "Libraries\RISARC.eTAR.Implementation\RISARC.eTAR.Implementation.csproj", "{612D0BD8-329A-4E7F-876F-1A02A38FDD4B}"
	ProjectSection(ProjectDependencies) = postProject
		{4F78C738-ED8C-4FC4-8925-8F386A719A82} = {4F78C738-ED8C-4FC4-8925-8F386A719A82}
		{47688184-FCE5-4E8E-8667-63441B0115A3} = {47688184-FCE5-4E8E-8667-63441B0115A3}
	EndProjectSection
EndProject
Project("{FAE04EC0-301F-11D3-BF4B-00C04F79EFBC}") = "RISARC.ACO", "Libraries\RISARC.ACO\RISARC.ACO.csproj", "{2C4F2984-9B7D-4229-98F6-2B9ED06CD28A}"
EndProject
Global
	GlobalSection(SolutionConfigurationPlatforms) = preSolution
		Debug|Any CPU = Debug|Any CPU
		Release|Any CPU = Release|Any CPU
	EndGlobalSection
	GlobalSection(ProjectConfigurationPlatforms) = postSolution
		{47688184-FCE5-4E8E-8667-63441B0115A3}.Debug|Any CPU.ActiveCfg = Debug|Any CPU
		{47688184-FCE5-4E8E-8667-63441B0115A3}.Debug|Any CPU.Build.0 = Debug|Any CPU
		{47688184-FCE5-4E8E-8667-63441B0115A3}.Release|Any CPU.ActiveCfg = Release|Any CPU
		{47688184-FCE5-4E8E-8667-63441B0115A3}.Release|Any CPU.Build.0 = Release|Any CPU
		{DC5C2FEF-CD3C-4ADE-9E9E-FBE622681877}.Debug|Any CPU.ActiveCfg = Debug|Any CPU
		{DC5C2FEF-CD3C-4ADE-9E9E-FBE622681877}.Debug|Any CPU.Build.0 = Debug|Any CPU
		{DC5C2FEF-CD3C-4ADE-9E9E-FBE622681877}.Release|Any CPU.ActiveCfg = Release|Any CPU
		{DC5C2FEF-CD3C-4ADE-9E9E-FBE622681877}.Release|Any CPU.Build.0 = Release|Any CPU
		{6F12648B-7349-4E12-84A4-14333BDB2110}.Debug|Any CPU.ActiveCfg = Debug|Any CPU
		{6F12648B-7349-4E12-84A4-14333BDB2110}.Debug|Any CPU.Build.0 = Debug|Any CPU
		{6F12648B-7349-4E12-84A4-14333BDB2110}.Release|Any CPU.ActiveCfg = Release|Any CPU
		{6F12648B-7349-4E12-84A4-14333BDB2110}.Release|Any CPU.Build.0 = Release|Any CPU
		{8D7CBD86-AE05-4635-8C3B-A7400A15AC97}.Debug|Any CPU.ActiveCfg = Debug|Any CPU
		{8D7CBD86-AE05-4635-8C3B-A7400A15AC97}.Debug|Any CPU.Build.0 = Debug|Any CPU
		{8D7CBD86-AE05-4635-8C3B-A7400A15AC97}.Release|Any CPU.ActiveCfg = Release|Any CPU
		{8D7CBD86-AE05-4635-8C3B-A7400A15AC97}.Release|Any CPU.Build.0 = Release|Any CPU
		{CF4DAC27-EBDE-4B6D-ABD3-CEFF2CD659E4}.Debug|Any CPU.ActiveCfg = Debug|Any CPU
		{CF4DAC27-EBDE-4B6D-ABD3-CEFF2CD659E4}.Debug|Any CPU.Build.0 = Debug|Any CPU
		{CF4DAC27-EBDE-4B6D-ABD3-CEFF2CD659E4}.Release|Any CPU.ActiveCfg = Release|Any CPU
		{CF4DAC27-EBDE-4B6D-ABD3-CEFF2CD659E4}.Release|Any CPU.Build.0 = Release|Any CPU
		{9DA56D12-039F-42A1-84BE-39F2CF8DE6F7}.Debug|Any CPU.ActiveCfg = Debug|Any CPU
		{9DA56D12-039F-42A1-84BE-39F2CF8DE6F7}.Debug|Any CPU.Build.0 = Debug|Any CPU
		{9DA56D12-039F-42A1-84BE-39F2CF8DE6F7}.Release|Any CPU.ActiveCfg = Release|Any CPU
		{9DA56D12-039F-42A1-84BE-39F2CF8DE6F7}.Release|Any CPU.Build.0 = Release|Any CPU
		{FCCA4FA4-6586-4403-BC10-06E26A5DB492}.Debug|Any CPU.ActiveCfg = Debug|Any CPU
		{FCCA4FA4-6586-4403-BC10-06E26A5DB492}.Debug|Any CPU.Build.0 = Debug|Any CPU
		{FCCA4FA4-6586-4403-BC10-06E26A5DB492}.Release|Any CPU.ActiveCfg = Release|Any CPU
		{FCCA4FA4-6586-4403-BC10-06E26A5DB492}.Release|Any CPU.Build.0 = Release|Any CPU
		{9987571F-2572-4E1E-80B4-5A4706074FB5}.Debug|Any CPU.ActiveCfg = Debug|Any CPU
		{9987571F-2572-4E1E-80B4-5A4706074FB5}.Debug|Any CPU.Build.0 = Debug|Any CPU
		{9987571F-2572-4E1E-80B4-5A4706074FB5}.Release|Any CPU.ActiveCfg = Release|Any CPU
		{9987571F-2572-4E1E-80B4-5A4706074FB5}.Release|Any CPU.Build.0 = Release|Any CPU
		{CCA3FF47-1FB2-4060-92BD-83A61D080445}.Debug|Any CPU.ActiveCfg = Debug|Any CPU
		{CCA3FF47-1FB2-4060-92BD-83A61D080445}.Debug|Any CPU.Build.0 = Debug|Any CPU
		{CCA3FF47-1FB2-4060-92BD-83A61D080445}.Release|Any CPU.ActiveCfg = Release|Any CPU
		{CCA3FF47-1FB2-4060-92BD-83A61D080445}.Release|Any CPU.Build.0 = Release|Any CPU
		{7D4D9692-DFA3-431C-B736-E9488B026703}.Debug|Any CPU.ActiveCfg = Debug|Any CPU
		{7D4D9692-DFA3-431C-B736-E9488B026703}.Debug|Any CPU.Build.0 = Debug|Any CPU
		{7D4D9692-DFA3-431C-B736-E9488B026703}.Release|Any CPU.ActiveCfg = Release|Any CPU
		{7D4D9692-DFA3-431C-B736-E9488B026703}.Release|Any CPU.Build.0 = Release|Any CPU
		{BB17C6D8-6A02-4FC2-BFE8-C7B518E58BCD}.Debug|Any CPU.ActiveCfg = Debug|Any CPU
		{BB17C6D8-6A02-4FC2-BFE8-C7B518E58BCD}.Debug|Any CPU.Build.0 = Debug|Any CPU
		{BB17C6D8-6A02-4FC2-BFE8-C7B518E58BCD}.Release|Any CPU.ActiveCfg = Release|Any CPU
		{BB17C6D8-6A02-4FC2-BFE8-C7B518E58BCD}.Release|Any CPU.Build.0 = Release|Any CPU
		{DBFE2955-5AA9-4649-BD59-6BADA424130D}.Debug|Any CPU.ActiveCfg = Debug|Any CPU
		{DBFE2955-5AA9-4649-BD59-6BADA424130D}.Debug|Any CPU.Build.0 = Debug|Any CPU
		{DBFE2955-5AA9-4649-BD59-6BADA424130D}.Release|Any CPU.ActiveCfg = Release|Any CPU
		{DBFE2955-5AA9-4649-BD59-6BADA424130D}.Release|Any CPU.Build.0 = Release|Any CPU
		{329D884A-4342-41B8-9695-4727E4DA83C4}.Debug|Any CPU.ActiveCfg = Debug|Any CPU
		{329D884A-4342-41B8-9695-4727E4DA83C4}.Debug|Any CPU.Build.0 = Debug|Any CPU
		{329D884A-4342-41B8-9695-4727E4DA83C4}.Release|Any CPU.ActiveCfg = Release|Any CPU
		{329D884A-4342-41B8-9695-4727E4DA83C4}.Release|Any CPU.Build.0 = Release|Any CPU
		{06DB8A7E-89CF-42ED-AF15-7F0892300525}.Debug|Any CPU.ActiveCfg = Debug|Any CPU
		{06DB8A7E-89CF-42ED-AF15-7F0892300525}.Debug|Any CPU.Build.0 = Debug|Any CPU
		{06DB8A7E-89CF-42ED-AF15-7F0892300525}.Release|Any CPU.ActiveCfg = Release|Any CPU
		{06DB8A7E-89CF-42ED-AF15-7F0892300525}.Release|Any CPU.Build.0 = Release|Any CPU
		{DC1B3899-3659-4595-BEB9-BF4D7CC4DCA7}.Debug|Any CPU.ActiveCfg = Debug|Any CPU
		{DC1B3899-3659-4595-BEB9-BF4D7CC4DCA7}.Debug|Any CPU.Build.0 = Debug|Any CPU
		{DC1B3899-3659-4595-BEB9-BF4D7CC4DCA7}.Release|Any CPU.ActiveCfg = Release|Any CPU
		{DC1B3899-3659-4595-BEB9-BF4D7CC4DCA7}.Release|Any CPU.Build.0 = Release|Any CPU
		{87D759FF-D502-4307-BA02-BE34BE6D3506}.Debug|Any CPU.ActiveCfg = Debug|Any CPU
		{87D759FF-D502-4307-BA02-BE34BE6D3506}.Debug|Any CPU.Build.0 = Debug|Any CPU
		{87D759FF-D502-4307-BA02-BE34BE6D3506}.Release|Any CPU.ActiveCfg = Release|Any CPU
		{87D759FF-D502-4307-BA02-BE34BE6D3506}.Release|Any CPU.Build.0 = Release|Any CPU
		{D06C9512-F908-4743-9DCB-D06B0B2FA72D}.Debug|Any CPU.ActiveCfg = Debug|Any CPU
		{D06C9512-F908-4743-9DCB-D06B0B2FA72D}.Debug|Any CPU.Build.0 = Debug|Any CPU
		{D06C9512-F908-4743-9DCB-D06B0B2FA72D}.Release|Any CPU.ActiveCfg = Release|Any CPU
		{D06C9512-F908-4743-9DCB-D06B0B2FA72D}.Release|Any CPU.Build.0 = Release|Any CPU
		{9AB7C5F1-A317-443F-8F50-49E992DEF07D}.Debug|Any CPU.ActiveCfg = Debug|Any CPU
		{9AB7C5F1-A317-443F-8F50-49E992DEF07D}.Debug|Any CPU.Build.0 = Debug|Any CPU
		{9AB7C5F1-A317-443F-8F50-49E992DEF07D}.Release|Any CPU.ActiveCfg = Release|Any CPU
		{9AB7C5F1-A317-443F-8F50-49E992DEF07D}.Release|Any CPU.Build.0 = Release|Any CPU
		{8548C334-236A-4694-AF17-D06D2EEB2862}.Debug|Any CPU.ActiveCfg = Debug|Any CPU
		{8548C334-236A-4694-AF17-D06D2EEB2862}.Debug|Any CPU.Build.0 = Debug|Any CPU
		{8548C334-236A-4694-AF17-D06D2EEB2862}.Release|Any CPU.ActiveCfg = Release|Any CPU
		{8548C334-236A-4694-AF17-D06D2EEB2862}.Release|Any CPU.Build.0 = Release|Any CPU
		{70D1BE57-4477-4AB4-866F-3B2CAB452167}.Debug|Any CPU.ActiveCfg = Debug|Any CPU
		{70D1BE57-4477-4AB4-866F-3B2CAB452167}.Debug|Any CPU.Build.0 = Debug|Any CPU
		{70D1BE57-4477-4AB4-866F-3B2CAB452167}.Release|Any CPU.ActiveCfg = Release|Any CPU
		{70D1BE57-4477-4AB4-866F-3B2CAB452167}.Release|Any CPU.Build.0 = Release|Any CPU
		{6D0E94A5-4A8E-4482-9E0B-2F8A4BC38A15}.Debug|Any CPU.ActiveCfg = Debug|Any CPU
		{6D0E94A5-4A8E-4482-9E0B-2F8A4BC38A15}.Debug|Any CPU.Build.0 = Debug|Any CPU
		{6D0E94A5-4A8E-4482-9E0B-2F8A4BC38A15}.Release|Any CPU.ActiveCfg = Release|Any CPU
		{6D0E94A5-4A8E-4482-9E0B-2F8A4BC38A15}.Release|Any CPU.Build.0 = Release|Any CPU
		{9F70818E-1C08-45E8-AA8E-2C590AD6235E}.Debug|Any CPU.ActiveCfg = Debug|Any CPU
		{9F70818E-1C08-45E8-AA8E-2C590AD6235E}.Debug|Any CPU.Build.0 = Debug|Any CPU
		{9F70818E-1C08-45E8-AA8E-2C590AD6235E}.Release|Any CPU.ActiveCfg = Release|Any CPU
		{9F70818E-1C08-45E8-AA8E-2C590AD6235E}.Release|Any CPU.Build.0 = Release|Any CPU
		{61EDE41A-86D7-4938-A7FF-95FC74B2AA7A}.Debug|Any CPU.ActiveCfg = Debug|Any CPU
		{61EDE41A-86D7-4938-A7FF-95FC74B2AA7A}.Debug|Any CPU.Build.0 = Debug|Any CPU
		{61EDE41A-86D7-4938-A7FF-95FC74B2AA7A}.Release|Any CPU.ActiveCfg = Release|Any CPU
		{61EDE41A-86D7-4938-A7FF-95FC74B2AA7A}.Release|Any CPU.Build.0 = Release|Any CPU
		{EF90431F-FF4B-415C-B162-E1CB194EEB5C}.Debug|Any CPU.ActiveCfg = Debug|Any CPU
		{EF90431F-FF4B-415C-B162-E1CB194EEB5C}.Debug|Any CPU.Build.0 = Debug|Any CPU
		{EF90431F-FF4B-415C-B162-E1CB194EEB5C}.Release|Any CPU.ActiveCfg = Release|Any CPU
		{EF90431F-FF4B-415C-B162-E1CB194EEB5C}.Release|Any CPU.Build.0 = Release|Any CPU
		{DD8170A4-D1D1-4FE6-AA24-CF6ED052FB8C}.Debug|Any CPU.ActiveCfg = Debug|Any CPU
		{DD8170A4-D1D1-4FE6-AA24-CF6ED052FB8C}.Debug|Any CPU.Build.0 = Debug|Any CPU
		{DD8170A4-D1D1-4FE6-AA24-CF6ED052FB8C}.Release|Any CPU.ActiveCfg = Release|Any CPU
		{DD8170A4-D1D1-4FE6-AA24-CF6ED052FB8C}.Release|Any CPU.Build.0 = Release|Any CPU
		{C6A1DBFC-1BB6-4802-B1CA-B051612E5353}.Debug|Any CPU.ActiveCfg = Debug|Any CPU
		{C6A1DBFC-1BB6-4802-B1CA-B051612E5353}.Debug|Any CPU.Build.0 = Debug|Any CPU
		{C6A1DBFC-1BB6-4802-B1CA-B051612E5353}.Release|Any CPU.ActiveCfg = Release|Any CPU
		{C6A1DBFC-1BB6-4802-B1CA-B051612E5353}.Release|Any CPU.Build.0 = Release|Any CPU
		{156B6101-DDEE-4086-B409-666A35493C70}.Debug|Any CPU.ActiveCfg = Debug|Any CPU
		{156B6101-DDEE-4086-B409-666A35493C70}.Debug|Any CPU.Build.0 = Debug|Any CPU
		{156B6101-DDEE-4086-B409-666A35493C70}.Release|Any CPU.ActiveCfg = Release|Any CPU
		{156B6101-DDEE-4086-B409-666A35493C70}.Release|Any CPU.Build.0 = Release|Any CPU
		{84C4FDD9-3ED7-453B-B9DA-B3ED52CB071C}.Debug|Any CPU.ActiveCfg = Debug|Any CPU
		{84C4FDD9-3ED7-453B-B9DA-B3ED52CB071C}.Debug|Any CPU.Build.0 = Debug|Any CPU
		{84C4FDD9-3ED7-453B-B9DA-B3ED52CB071C}.Release|Any CPU.ActiveCfg = Release|Any CPU
		{84C4FDD9-3ED7-453B-B9DA-B3ED52CB071C}.Release|Any CPU.Build.0 = Release|Any CPU
		{4F78C738-ED8C-4FC4-8925-8F386A719A82}.Debug|Any CPU.ActiveCfg = Debug|Any CPU
		{4F78C738-ED8C-4FC4-8925-8F386A719A82}.Debug|Any CPU.Build.0 = Debug|Any CPU
		{4F78C738-ED8C-4FC4-8925-8F386A719A82}.Release|Any CPU.ActiveCfg = Release|Any CPU
		{4F78C738-ED8C-4FC4-8925-8F386A719A82}.Release|Any CPU.Build.0 = Release|Any CPU
		{612D0BD8-329A-4E7F-876F-1A02A38FDD4B}.Debug|Any CPU.ActiveCfg = Debug|Any CPU
		{612D0BD8-329A-4E7F-876F-1A02A38FDD4B}.Debug|Any CPU.Build.0 = Debug|Any CPU
		{612D0BD8-329A-4E7F-876F-1A02A38FDD4B}.Release|Any CPU.ActiveCfg = Release|Any CPU
		{612D0BD8-329A-4E7F-876F-1A02A38FDD4B}.Release|Any CPU.Build.0 = Release|Any CPU
		{2C4F2984-9B7D-4229-98F6-2B9ED06CD28A}.Debug|Any CPU.ActiveCfg = Debug|Any CPU
		{2C4F2984-9B7D-4229-98F6-2B9ED06CD28A}.Debug|Any CPU.Build.0 = Debug|Any CPU
		{2C4F2984-9B7D-4229-98F6-2B9ED06CD28A}.Release|Any CPU.ActiveCfg = Release|Any CPU
		{2C4F2984-9B7D-4229-98F6-2B9ED06CD28A}.Release|Any CPU.Build.0 = Release|Any CPU
	EndGlobalSection
	GlobalSection(SolutionProperties) = preSolution
		HideSolutionNode = FALSE
	EndGlobalSection
	GlobalSection(NestedProjects) = preSolution
		{AFB057D9-0D76-45B8-A1CD-325880A72E58} = {24C6E4E0-BA15-43D5-AA0D-8B72BC2A8A38}
		{47688184-FCE5-4E8E-8667-63441B0115A3} = {9F6AB254-2023-4A59-BAB4-E76ED466322D}
		{DC5C2FEF-CD3C-4ADE-9E9E-FBE622681877} = {9F6AB254-2023-4A59-BAB4-E76ED466322D}
		{6F12648B-7349-4E12-84A4-14333BDB2110} = {63B54C40-2A1D-4BA0-804B-D6EF6E566E30}
		{8D7CBD86-AE05-4635-8C3B-A7400A15AC97} = {9F6AB254-2023-4A59-BAB4-E76ED466322D}
		{CF4DAC27-EBDE-4B6D-ABD3-CEFF2CD659E4} = {9F6AB254-2023-4A59-BAB4-E76ED466322D}
		{9DA56D12-039F-42A1-84BE-39F2CF8DE6F7} = {9F6AB254-2023-4A59-BAB4-E76ED466322D}
		{FCCA4FA4-6586-4403-BC10-06E26A5DB492} = {9F6AB254-2023-4A59-BAB4-E76ED466322D}
		{9987571F-2572-4E1E-80B4-5A4706074FB5} = {9F6AB254-2023-4A59-BAB4-E76ED466322D}
		{CCA3FF47-1FB2-4060-92BD-83A61D080445} = {9F6AB254-2023-4A59-BAB4-E76ED466322D}
		{7D4D9692-DFA3-431C-B736-E9488B026703} = {9F6AB254-2023-4A59-BAB4-E76ED466322D}
		{BB17C6D8-6A02-4FC2-BFE8-C7B518E58BCD} = {9F6AB254-2023-4A59-BAB4-E76ED466322D}
		{DBFE2955-5AA9-4649-BD59-6BADA424130D} = {9F6AB254-2023-4A59-BAB4-E76ED466322D}
		{329D884A-4342-41B8-9695-4727E4DA83C4} = {9F6AB254-2023-4A59-BAB4-E76ED466322D}
		{06DB8A7E-89CF-42ED-AF15-7F0892300525} = {9F6AB254-2023-4A59-BAB4-E76ED466322D}
		{DC1B3899-3659-4595-BEB9-BF4D7CC4DCA7} = {9F6AB254-2023-4A59-BAB4-E76ED466322D}
		{87D759FF-D502-4307-BA02-BE34BE6D3506} = {9F6AB254-2023-4A59-BAB4-E76ED466322D}
		{D06C9512-F908-4743-9DCB-D06B0B2FA72D} = {9F6AB254-2023-4A59-BAB4-E76ED466322D}
		{9AB7C5F1-A317-443F-8F50-49E992DEF07D} = {63B54C40-2A1D-4BA0-804B-D6EF6E566E30}
		{8548C334-236A-4694-AF17-D06D2EEB2862} = {9F6AB254-2023-4A59-BAB4-E76ED466322D}
		{70D1BE57-4477-4AB4-866F-3B2CAB452167} = {9F6AB254-2023-4A59-BAB4-E76ED466322D}
		{6D0E94A5-4A8E-4482-9E0B-2F8A4BC38A15} = {A1D9E57B-6076-4D7E-B799-282F2A4A640F}
		{9F70818E-1C08-45E8-AA8E-2C590AD6235E} = {9F6AB254-2023-4A59-BAB4-E76ED466322D}
		{61EDE41A-86D7-4938-A7FF-95FC74B2AA7A} = {9F6AB254-2023-4A59-BAB4-E76ED466322D}
		{EF90431F-FF4B-415C-B162-E1CB194EEB5C} = {9F6AB254-2023-4A59-BAB4-E76ED466322D}
		{DD8170A4-D1D1-4FE6-AA24-CF6ED052FB8C} = {9F6AB254-2023-4A59-BAB4-E76ED466322D}
		{C6A1DBFC-1BB6-4802-B1CA-B051612E5353} = {9F6AB254-2023-4A59-BAB4-E76ED466322D}
		{156B6101-DDEE-4086-B409-666A35493C70} = {63B54C40-2A1D-4BA0-804B-D6EF6E566E30}
		{84C4FDD9-3ED7-453B-B9DA-B3ED52CB071C} = {9F6AB254-2023-4A59-BAB4-E76ED466322D}
		{4F78C738-ED8C-4FC4-8925-8F386A719A82} = {9F6AB254-2023-4A59-BAB4-E76ED466322D}
		{612D0BD8-329A-4E7F-876F-1A02A38FDD4B} = {9F6AB254-2023-4A59-BAB4-E76ED466322D}
		{2C4F2984-9B7D-4229-98F6-2B9ED06CD28A} = {9F6AB254-2023-4A59-BAB4-E76ED466322D}
	EndGlobalSection
EndGlobal
